
Microsoft Visual Studio Solution File, Format Version 12.00
Project("{FAE04EC0-301F-11D3-BF4B-00C04F79EFBC}") = "api", "api\api.csproj", "{9F5C6B85-A41E-4538-B8D0-D45C28DABBC4}"
EndProject
Project("{FAE04EC0-301F-11D3-BF4B-00C04F79EFBC}") = "data", "data\data.csproj", "{DCAEC165-5948-47E7-B870-DCA70D900789}"
EndProject
Global
	GlobalSection(SolutionConfigurationPlatforms) = preSolution
		Debug|Any CPU = Debug|Any CPU
		Release|Any CPU = Release|Any CPU
	EndGlobalSection
	GlobalSection(ProjectConfigurationPlatforms) = postSolution
		{9F5C6B85-A41E-4538-B8D0-D45C28DABBC4}.Debug|Any CPU.ActiveCfg = Debug|Any CPU
		{9F5C6B85-A41E-4538-B8D0-D45C28DABBC4}.Debug|Any CPU.Build.0 = Debug|Any CPU
		{9F5C6B85-A41E-4538-B8D0-D45C28DABBC4}.Release|Any CPU.ActiveCfg = Release|Any CPU
		{9F5C6B85-A41E-4538-B8D0-D45C28DABBC4}.Release|Any CPU.Build.0 = Release|Any CPU
		{DCAEC165-5948-47E7-B870-DCA70D900789}.Debug|Any CPU.ActiveCfg = Debug|Any CPU
		{DCAEC165-5948-47E7-B870-DCA70D900789}.Debug|Any CPU.Build.0 = Debug|Any CPU
		{DCAEC165-5948-47E7-B870-DCA70D900789}.Release|Any CPU.ActiveCfg = Release|Any CPU
		{DCAEC165-5948-47E7-B870-DCA70D900789}.Release|Any CPU.Build.0 = Release|Any CPU
	EndGlobalSection
EndGlobal
